
Microsoft Visual Studio Solution File, Format Version 12.00
# Visual Studio Version 16
VisualStudioVersion = 16.0.31321.278
MinimumVisualStudioVersion = 10.0.40219.1
Project("{FAE04EC0-301F-11D3-BF4B-00C04F79EFBC}") = "DrawSheet", "DrawSheet.csproj", "{2B9B00D1-3A99-461C-B4C1-DAD2D4D84970}"
EndProject
Global
	GlobalSection(SolutionConfigurationPlatforms) = preSolution
		Debug|Any CPU = Debug|Any CPU
		Release|Any CPU = Release|Any CPU
	EndGlobalSection
	GlobalSection(ProjectConfigurationPlatforms) = postSolution
		{2B9B00D1-3A99-461C-B4C1-DAD2D4D84970}.Debug|Any CPU.ActiveCfg = Debug|Any CPU
		{2B9B00D1-3A99-461C-B4C1-DAD2D4D84970}.Debug|Any CPU.Build.0 = Debug|Any CPU
		{2B9B00D1-3A99-461C-B4C1-DAD2D4D84970}.Release|Any CPU.ActiveCfg = Release|Any CPU
		{2B9B00D1-3A99-461C-B4C1-DAD2D4D84970}.Release|Any CPU.Build.0 = Release|Any CPU
	EndGlobalSection
	GlobalSection(SolutionProperties) = preSolution
		HideSolutionNode = FALSE
	EndGlobalSection
	GlobalSection(ExtensibilityGlobals) = postSolution
		SolutionGuid = {F14990D8-B2FC-472E-A2D7-5071AB709A46}
	EndGlobalSection
EndGlobal
